// !$*UTF8*$!
{
	archiveVersion = 1;
	classes = {
	};
	objectVersion = 46;
	objects = {

/* Begin PBXBuildFile section */
		A434A7721EC15E1900C0F784 /* main.m in Sources */ = {isa = PBXBuildFile; fileRef = A434A7711EC15E1900C0F784 /* main.m */; };
		A434A7751EC15E1900C0F784 /* AppDelegate.m in Sources */ = {isa = PBXBuildFile; fileRef = A434A7741EC15E1900C0F784 /* AppDelegate.m */; };
		A434A7781EC15E1900C0F784 /* ViewController.m in Sources */ = {isa = PBXBuildFile; fileRef = A434A7771EC15E1900C0F784 /* ViewController.m */; };
		A434A77B1EC15E1900C0F784 /* Main.storyboard in Resources */ = {isa = PBXBuildFile; fileRef = A434A7791EC15E1900C0F784 /* Main.storyboard */; };
		A434A77D1EC15E1900C0F784 /* Assets.xcassets in Resources */ = {isa = PBXBuildFile; fileRef = A434A77C1EC15E1900C0F784 /* Assets.xcassets */; };
		A434A7801EC15E1900C0F784 /* LaunchScreen.storyboard in Resources */ = {isa = PBXBuildFile; fileRef = A434A77E1EC15E1900C0F784 /* LaunchScreen.storyboard */; };
		A434A78B1EC15E1A00C0F784 /* XMToolModuleTests.m in Sources */ = {isa = PBXBuildFile; fileRef = A434A78A1EC15E1A00C0F784 /* XMToolModuleTests.m */; };
		A434A7961EC15E1A00C0F784 /* XMToolModuleUITests.m in Sources */ = {isa = PBXBuildFile; fileRef = A434A7951EC15E1A00C0F784 /* XMToolModuleUITests.m */; };
		A434A7A61EC15E8100C0F784 /* UIView+XMFrameExtension.m in Sources */ = {isa = PBXBuildFile; fileRef = A434A7A51EC15E8100C0F784 /* UIView+XMFrameExtension.m */; };
		A434A7A91EC15EAB00C0F784 /* NSString+Extend.m in Sources */ = {isa = PBXBuildFile; fileRef = A434A7A81EC15EAB00C0F784 /* NSString+Extend.m */; };
/* End PBXBuildFile section */

/* Begin PBXContainerItemProxy section */
		A434A7871EC15E1A00C0F784 /* PBXContainerItemProxy */ = {
			isa = PBXContainerItemProxy;
			containerPortal = A434A7651EC15E1900C0F784 /* Project object */;
			proxyType = 1;
			remoteGlobalIDString = A434A76C1EC15E1900C0F784;
			remoteInfo = XMToolModule;
		};
		A434A7921EC15E1A00C0F784 /* PBXContainerItemProxy */ = {
			isa = PBXContainerItemProxy;
			containerPortal = A434A7651EC15E1900C0F784 /* Project object */;
			proxyType = 1;
			remoteGlobalIDString = A434A76C1EC15E1900C0F784;
			remoteInfo = XMToolModule;
		};
/* End PBXContainerItemProxy section */

/* Begin PBXFileReference section */
		A434A76D1EC15E1900C0F784 /* XMToolModule.app */ = {isa = PBXFileReference; explicitFileType = wrapper.application; includeInIndex = 0; path = XMToolModule.app; sourceTree = BUILT_PRODUCTS_DIR; };
		A434A7711EC15E1900C0F784 /* main.m */ = {isa = PBXFileReference; lastKnownFileType = sourcecode.c.objc; path = main.m; sourceTree = "<group>"; };
		A434A7731EC15E1900C0F784 /* AppDelegate.h */ = {isa = PBXFileReference; lastKnownFileType = sourcecode.c.h; path = AppDelegate.h; sourceTree = "<group>"; };
		A434A7741EC15E1900C0F784 /* AppDelegate.m */ = {isa = PBXFileReference; lastKnownFileType = sourcecode.c.objc; path = AppDelegate.m; sourceTree = "<group>"; };
		A434A7761EC15E1900C0F784 /* ViewController.h */ = {isa = PBXFileReference; lastKnownFileType = sourcecode.c.h; path = ViewController.h; sourceTree = "<group>"; };
		A434A7771EC15E1900C0F784 /* ViewController.m */ = {isa = PBXFileReference; lastKnownFileType = sourcecode.c.objc; path = ViewController.m; sourceTree = "<group>"; };
		A434A77A1EC15E1900C0F784 /* Base */ = {isa = PBXFileReference; lastKnownFileType = file.storyboard; name = Base; path = Base.lproj/Main.storyboard; sourceTree = "<group>"; };
		A434A77C1EC15E1900C0F784 /* Assets.xcassets */ = {isa = PBXFileReference; lastKnownFileType = folder.assetcatalog; path = Assets.xcassets; sourceTree = "<group>"; };
		A434A77F1EC15E1900C0F784 /* Base */ = {isa = PBXFileReference; lastKnownFileType = file.storyboard; name = Base; path = Base.lproj/LaunchScreen.storyboard; sourceTree = "<group>"; };
		A434A7811EC15E1900C0F784 /* Info.plist */ = {isa = PBXFileReference; lastKnownFileType = text.plist.xml; path = Info.plist; sourceTree = "<group>"; };
		A434A7861EC15E1A00C0F784 /* XMToolModuleTests.xctest */ = {isa = PBXFileReference; explicitFileType = wrapper.cfbundle; includeInIndex = 0; path = XMToolModuleTests.xctest; sourceTree = BUILT_PRODUCTS_DIR; };
		A434A78A1EC15E1A00C0F784 /* XMToolModuleTests.m */ = {isa = PBXFileReference; lastKnownFileType = sourcecode.c.objc; path = XMToolModuleTests.m; sourceTree = "<group>"; };
		A434A78C1EC15E1A00C0F784 /* Info.plist */ = {isa = PBXFileReference; lastKnownFileType = text.plist.xml; path = Info.plist; sourceTree = "<group>"; };
		A434A7911EC15E1A00C0F784 /* XMToolModuleUITests.xctest */ = {isa = PBXFileReference; explicitFileType = wrapper.cfbundle; includeInIndex = 0; path = XMToolModuleUITests.xctest; sourceTree = BUILT_PRODUCTS_DIR; };
		A434A7951EC15E1A00C0F784 /* XMToolModuleUITests.m */ = {isa = PBXFileReference; lastKnownFileType = sourcecode.c.objc; path = XMToolModuleUITests.m; sourceTree = "<group>"; };
		A434A7971EC15E1A00C0F784 /* Info.plist */ = {isa = PBXFileReference; lastKnownFileType = text.plist.xml; path = Info.plist; sourceTree = "<group>"; };
		A434A7A41EC15E8100C0F784 /* UIView+XMFrameExtension.h */ = {isa = PBXFileReference; fileEncoding = 4; lastKnownFileType = sourcecode.c.h; path = "UIView+XMFrameExtension.h"; sourceTree = "<group>"; };
		A434A7A51EC15E8100C0F784 /* UIView+XMFrameExtension.m */ = {isa = PBXFileReference; fileEncoding = 4; lastKnownFileType = sourcecode.c.objc; path = "UIView+XMFrameExtension.m"; sourceTree = "<group>"; };
		A434A7A71EC15EAB00C0F784 /* NSString+Extend.h */ = {isa = PBXFileReference; fileEncoding = 4; lastKnownFileType = sourcecode.c.h; path = "NSString+Extend.h"; sourceTree = "<group>"; };
		A434A7A81EC15EAB00C0F784 /* NSString+Extend.m */ = {isa = PBXFileReference; fileEncoding = 4; lastKnownFileType = sourcecode.c.objc; path = "NSString+Extend.m"; sourceTree = "<group>"; };
/* End PBXFileReference section */

/* Begin PBXFrameworksBuildPhase section */
		A434A76A1EC15E1900C0F784 /* Frameworks */ = {
			isa = PBXFrameworksBuildPhase;
			buildActionMask = 2147483647;
			files = (
			);
			runOnlyForDeploymentPostprocessing = 0;
		};
		A434A7831EC15E1A00C0F784 /* Frameworks */ = {
			isa = PBXFrameworksBuildPhase;
			buildActionMask = 2147483647;
			files = (
			);
			runOnlyForDeploymentPostprocessing = 0;
		};
		A434A78E1EC15E1A00C0F784 /* Frameworks */ = {
			isa = PBXFrameworksBuildPhase;
			buildActionMask = 2147483647;
			files = (
			);
			runOnlyForDeploymentPostprocessing = 0;
		};
/* End PBXFrameworksBuildPhase section */

/* Begin PBXGroup section */
		A434A7641EC15E1900C0F784 = {
			isa = PBXGroup;
			children = (
				A434A76F1EC15E1900C0F784 /* XMToolModule */,
				A434A7891EC15E1A00C0F784 /* XMToolModuleTests */,
				A434A7941EC15E1A00C0F784 /* XMToolModuleUITests */,
				A434A76E1EC15E1900C0F784 /* Products */,
			);
			sourceTree = "<group>";
		};
		A434A76E1EC15E1900C0F784 /* Products */ = {
			isa = PBXGroup;
			children = (
				A434A76D1EC15E1900C0F784 /* XMToolModule.app */,
				A434A7861EC15E1A00C0F784 /* XMToolModuleTests.xctest */,
				A434A7911EC15E1A00C0F784 /* XMToolModuleUITests.xctest */,
			);
			name = Products;
			sourceTree = "<group>";
		};
		A434A76F1EC15E1900C0F784 /* XMToolModule */ = {
			isa = PBXGroup;
			children = (
				A434A7A31EC15E3D00C0F784 /* XMTool */,
				A434A7731EC15E1900C0F784 /* AppDelegate.h */,
				A434A7741EC15E1900C0F784 /* AppDelegate.m */,
				A434A7761EC15E1900C0F784 /* ViewController.h */,
				A434A7771EC15E1900C0F784 /* ViewController.m */,
				A434A7791EC15E1900C0F784 /* Main.storyboard */,
				A434A77C1EC15E1900C0F784 /* Assets.xcassets */,
				A434A77E1EC15E1900C0F784 /* LaunchScreen.storyboard */,
				A434A7811EC15E1900C0F784 /* Info.plist */,
				A434A7701EC15E1900C0F784 /* Supporting Files */,
			);
			path = XMToolModule;
			sourceTree = "<group>";
		};
		A434A7701EC15E1900C0F784 /* Supporting Files */ = {
			isa = PBXGroup;
			children = (
				A434A7711EC15E1900C0F784 /* main.m */,
			);
			name = "Supporting Files";
			sourceTree = "<group>";
		};
		A434A7891EC15E1A00C0F784 /* XMToolModuleTests */ = {
			isa = PBXGroup;
			children = (
				A434A78A1EC15E1A00C0F784 /* XMToolModuleTests.m */,
				A434A78C1EC15E1A00C0F784 /* Info.plist */,
			);
			path = XMToolModuleTests;
			sourceTree = "<group>";
		};
		A434A7941EC15E1A00C0F784 /* XMToolModuleUITests */ = {
			isa = PBXGroup;
			children = (
				A434A7951EC15E1A00C0F784 /* XMToolModuleUITests.m */,
				A434A7971EC15E1A00C0F784 /* Info.plist */,
			);
			path = XMToolModuleUITests;
			sourceTree = "<group>";
		};
		A434A7A31EC15E3D00C0F784 /* XMTool */ = {
			isa = PBXGroup;
			children = (
				A434A7A71EC15EAB00C0F784 /* NSString+Extend.h */,
				A434A7A81EC15EAB00C0F784 /* NSString+Extend.m */,
				A434A7A41EC15E8100C0F784 /* UIView+XMFrameExtension.h */,
				A434A7A51EC15E8100C0F784 /* UIView+XMFrameExtension.m */,
			);
			path = XMTool;
			sourceTree = "<group>";
		};
/* End PBXGroup section */

/* Begin PBXNativeTarget section */
		A434A76C1EC15E1900C0F784 /* XMToolModule */ = {
			isa = PBXNativeTarget;
			buildConfigurationList = A434A79A1EC15E1A00C0F784 /* Build configuration list for PBXNativeTarget "XMToolModule" */;
			buildPhases = (
				A434A7691EC15E1900C0F784 /* Sources */,
				A434A76A1EC15E1900C0F784 /* Frameworks */,
				A434A76B1EC15E1900C0F784 /* Resources */,
			);
			buildRules = (
			);
			dependencies = (
			);
			name = XMToolModule;
			productName = XMToolModule;
			productReference = A434A76D1EC15E1900C0F784 /* XMToolModule.app */;
			productType = "com.apple.product-type.application";
		};
		A434A7851EC15E1A00C0F784 /* XMToolModuleTests */ = {
			isa = PBXNativeTarget;
			buildConfigurationList = A434A79D1EC15E1A00C0F784 /* Build configuration list for PBXNativeTarget "XMToolModuleTests" */;
			buildPhases = (
				A434A7821EC15E1A00C0F784 /* Sources */,
				A434A7831EC15E1A00C0F784 /* Frameworks */,
				A434A7841EC15E1A00C0F784 /* Resources */,
			);
			buildRules = (
			);
			dependencies = (
				A434A7881EC15E1A00C0F784 /* PBXTargetDependency */,
			);
			name = XMToolModuleTests;
			productName = XMToolModuleTests;
			productReference = A434A7861EC15E1A00C0F784 /* XMToolModuleTests.xctest */;
			productType = "com.apple.product-type.bundle.unit-test";
		};
		A434A7901EC15E1A00C0F784 /* XMToolModuleUITests */ = {
			isa = PBXNativeTarget;
			buildConfigurationList = A434A7A01EC15E1A00C0F784 /* Build configuration list for PBXNativeTarget "XMToolModuleUITests" */;
			buildPhases = (
				A434A78D1EC15E1A00C0F784 /* Sources */,
				A434A78E1EC15E1A00C0F784 /* Frameworks */,
				A434A78F1EC15E1A00C0F784 /* Resources */,
			);
			buildRules = (
			);
			dependencies = (
				A434A7931EC15E1A00C0F784 /* PBXTargetDependency */,
			);
			name = XMToolModuleUITests;
			productName = XMToolModuleUITests;
			productReference = A434A7911EC15E1A00C0F784 /* XMToolModuleUITests.xctest */;
			productType = "com.apple.product-type.bundle.ui-testing";
		};
/* End PBXNativeTarget section */

/* Begin PBXProject section */
		A434A7651EC15E1900C0F784 /* Project object */ = {
			isa = PBXProject;
			attributes = {
				LastUpgradeCheck = 0830;
				ORGANIZATIONNAME = xm;
				TargetAttributes = {
					A434A76C1EC15E1900C0F784 = {
						CreatedOnToolsVersion = 8.3.2;
						DevelopmentTeam = 8DQR5VT4B3;
						ProvisioningStyle = Automatic;
					};
					A434A7851EC15E1A00C0F784 = {
						CreatedOnToolsVersion = 8.3.2;
						DevelopmentTeam = 8DQR5VT4B3;
						ProvisioningStyle = Automatic;
						TestTargetID = A434A76C1EC15E1900C0F784;
					};
					A434A7901EC15E1A00C0F784 = {
						CreatedOnToolsVersion = 8.3.2;
						DevelopmentTeam = 8DQR5VT4B3;
						ProvisioningStyle = Automatic;
						TestTargetID = A434A76C1EC15E1900C0F784;
					};
				};
			};
			buildConfigurationList = A434A7681EC15E1900C0F784 /* Build configuration list for PBXProject "XMToolModule" */;
			compatibilityVersion = "Xcode 3.2";
			developmentRegion = English;
			hasScannedForEncodings = 0;
			knownRegions = (
				en,
				Base,
			);
			mainGroup = A434A7641EC15E1900C0F784;
			productRefGroup = A434A76E1EC15E1900C0F784 /* Products */;
			projectDirPath = "";
			projectRoot = "";
			targets = (
				A434A76C1EC15E1900C0F784 /* XMToolModule */,
				A434A7851EC15E1A00C0F784 /* XMToolModuleTests */,
				A434A7901EC15E1A00C0F784 /* XMToolModuleUITests */,
			);
		};
/* End PBXProject section */

/* Begin PBXResourcesBuildPhase section */
		A434A76B1EC15E1900C0F784 /* Resources */ = {
			isa = PBXResourcesBuildPhase;
			buildActionMask = 2147483647;
			files = (
				A434A7801EC15E1900C0F784 /* LaunchScreen.storyboard in Resources */,
				A434A77D1EC15E1900C0F784 /* Assets.xcassets in Resources */,
				A434A77B1EC15E1900C0F784 /* Main.storyboard in Resources */,
			);
			runOnlyForDeploymentPostprocessing = 0;
		};
		A434A7841EC15E1A00C0F784 /* Resources */ = {
			isa = PBXResourcesBuildPhase;
			buildActionMask = 2147483647;
			files = (
			);
			runOnlyForDeploymentPostprocessing = 0;
		};
		A434A78F1EC15E1A00C0F784 /* Resources */ = {
			isa = PBXResourcesBuildPhase;
			buildActionMask = 2147483647;
			files = (
			);
			runOnlyForDeploymentPostprocessing = 0;
		};
/* End PBXResourcesBuildPhase section */

/* Begin PBXSourcesBuildPhase section */
		A434A7691EC15E1900C0F784 /* Sources */ = {
			isa = PBXSourcesBuildPhase;
			buildActionMask = 2147483647;
			files = (
				A434A7781EC15E1900C0F784 /* ViewController.m in Sources */,
				A434A7A61EC15E8100C0F784 /* UIView+XMFrameExtension.m in Sources */,
				A434A7751EC15E1900C0F784 /* AppDelegate.m in Sources */,
				A434A7721EC15E1900C0F784 /* main.m in Sources */,
				A434A7A91EC15EAB00C0F784 /* NSString+Extend.m in Sources */,
			);
			runOnlyForDeploymentPostprocessing = 0;
		};
		A434A7821EC15E1A00C0F784 /* Sources */ = {
			isa = PBXSourcesBuildPhase;
			buildActionMask = 2147483647;
			files = (
				A434A78B1EC15E1A00C0F784 /* XMToolModuleTests.m in Sources */,
			);
			runOnlyForDeploymentPostprocessing = 0;
		};
		A434A78D1EC15E1A00C0F784 /* Sources */ = {
			isa = PBXSourcesBuildPhase;
			buildActionMask = 2147483647;
			files = (
				A434A7961EC15E1A00C0F784 /* XMToolModuleUITests.m in Sources */,
			);
			runOnlyForDeploymentPostprocessing = 0;
		};
/* End PBXSourcesBuildPhase section */

/* Begin PBXTargetDependency section */
		A434A7881EC15E1A00C0F784 /* PBXTargetDependency */ = {
			isa = PBXTargetDependency;
			target = A434A76C1EC15E1900C0F784 /* XMToolModule */;
			targetProxy = A434A7871EC15E1A00C0F784 /* PBXContainerItemProxy */;
		};
		A434A7931EC15E1A00C0F784 /* PBXTargetDependency */ = {
			isa = PBXTargetDependency;
			target = A434A76C1EC15E1900C0F784 /* XMToolModule */;
			targetProxy = A434A7921EC15E1A00C0F784 /* PBXContainerItemProxy */;
		};
/* End PBXTargetDependency section */

/* Begin PBXVariantGroup section */
		A434A7791EC15E1900C0F784 /* Main.storyboard */ = {
			isa = PBXVariantGroup;
			children = (
				A434A77A1EC15E1900C0F784 /* Base */,
			);
			name = Main.storyboard;
			sourceTree = "<group>";
		};
		A434A77E1EC15E1900C0F784 /* LaunchScreen.storyboard */ = {
			isa = PBXVariantGroup;
			children = (
				A434A77F1EC15E1900C0F784 /* Base */,
			);
			name = LaunchScreen.storyboard;
			sourceTree = "<group>";
		};
/* End PBXVariantGroup section */

/* Begin XCBuildConfiguration section */
		A434A7981EC15E1A00C0F784 /* Debug */ = {
			isa = XCBuildConfiguration;
			buildSettings = {
				ALWAYS_SEARCH_USER_PATHS = NO;
				CLANG_ANALYZER_NONNULL = YES;
				CLANG_ANALYZER_NUMBER_OBJECT_CONVERSION = YES_AGGRESSIVE;
				CLANG_CXX_LANGUAGE_STANDARD = "gnu++0x";
				CLANG_CXX_LIBRARY = "libc++";
				CLANG_ENABLE_MODULES = YES;
				CLANG_ENABLE_OBJC_ARC = YES;
				CLANG_WARN_BOOL_CONVERSION = YES;
				CLANG_WARN_CONSTANT_CONVERSION = YES;
				CLANG_WARN_DIRECT_OBJC_ISA_USAGE = YES_ERROR;
				CLANG_WARN_DOCUMENTATION_COMMENTS = YES;
				CLANG_WARN_EMPTY_BODY = YES;
				CLANG_WARN_ENUM_CONVERSION = YES;
				CLANG_WARN_INFINITE_RECURSION = YES;
				CLANG_WARN_INT_CONVERSION = YES;
				CLANG_WARN_OBJC_ROOT_CLASS = YES_ERROR;
				CLANG_WARN_SUSPICIOUS_MOVE = YES;
				CLANG_WARN_UNREACHABLE_CODE = YES;
				CLANG_WARN__DUPLICATE_METHOD_MATCH = YES;
				"CODE_SIGN_IDENTITY[sdk=iphoneos*]" = "iPhone Developer";
				COPY_PHASE_STRIP = NO;
				DEBUG_INFORMATION_FORMAT = dwarf;
				ENABLE_STRICT_OBJC_MSGSEND = YES;
				ENABLE_TESTABILITY = YES;
				GCC_C_LANGUAGE_STANDARD = gnu99;
				GCC_DYNAMIC_NO_PIC = NO;
				GCC_NO_COMMON_BLOCKS = YES;
				GCC_OPTIMIZATION_LEVEL = 0;
				GCC_PREPROCESSOR_DEFINITIONS = (
					"DEBUG=1",
					"$(inherited)",
				);
				GCC_WARN_64_TO_32_BIT_CONVERSION = YES;
				GCC_WARN_ABOUT_RETURN_TYPE = YES_ERROR;
				GCC_WARN_UNDECLARED_SELECTOR = YES;
				GCC_WARN_UNINITIALIZED_AUTOS = YES_AGGRESSIVE;
				GCC_WARN_UNUSED_FUNCTION = YES;
				GCC_WARN_UNUSED_VARIABLE = YES;
				IPHONEOS_DEPLOYMENT_TARGET = 10.3;
				MTL_ENABLE_DEBUG_INFO = YES;
				ONLY_ACTIVE_ARCH = YES;
				SDKROOT = iphoneos;
			};
			name = Debug;
		};
		A434A7991EC15E1A00C0F784 /* Release */ = {
			isa = XCBuildConfiguration;
			buildSettings = {
				ALWAYS_SEARCH_USER_PATHS = NO;
				CLANG_ANALYZER_NONNULL = YES;
				CLANG_ANALYZER_NUMBER_OBJECT_CONVERSION = YES_AGGRESSIVE;
				CLANG_CXX_LANGUAGE_STANDARD = "gnu++0x";
				CLANG_CXX_LIBRARY = "libc++";
				CLANG_ENABLE_MODULES = YES;
				CLANG_ENABLE_OBJC_ARC = YES;
				CLANG_WARN_BOOL_CONVERSION = YES;
				CLANG_WARN_CONSTANT_CONVERSION = YES;
				CLANG_WARN_DIRECT_OBJC_ISA_USAGE = YES_ERROR;
				CLANG_WARN_DOCUMENTATION_COMMENTS = YES;
				CLANG_WARN_EMPTY_BODY = YES;
				CLANG_WARN_ENUM_CONVERSION = YES;
				CLANG_WARN_INFINITE_RECURSION = YES;
				CLANG_WARN_INT_CONVERSION = YES;
				CLANG_WARN_OBJC_ROOT_CLASS = YES_ERROR;
				CLANG_WARN_SUSPICIOUS_MOVE = YES;
				CLANG_WARN_UNREACHABLE_CODE = YES;
				CLANG_WARN__DUPLICATE_METHOD_MATCH = YES;
				"CODE_SIGN_IDENTITY[sdk=iphoneos*]" = "iPhone Developer";
				COPY_PHASE_STRIP = NO;
				DEBUG_INFORMATION_FORMAT = "dwarf-with-dsym";
				ENABLE_NS_ASSERTIONS = NO;
				ENABLE_STRICT_OBJC_MSGSEND = YES;
				GCC_C_LANGUAGE_STANDARD = gnu99;
				GCC_NO_COMMON_BLOCKS = YES;
				GCC_WARN_64_TO_32_BIT_CONVERSION = YES;
				GCC_WARN_ABOUT_RETURN_TYPE = YES_ERROR;
				GCC_WARN_UNDECLARED_SELECTOR = YES;
				GCC_WARN_UNINITIALIZED_AUTOS = YES_AGGRESSIVE;
				GCC_WARN_UNUSED_FUNCTION = YES;
				GCC_WARN_UNUSED_VARIABLE = YES;
				IPHONEOS_DEPLOYMENT_TARGET = 10.3;
				MTL_ENABLE_DEBUG_INFO = NO;
				SDKROOT = iphoneos;
				VALIDATE_PRODUCT = YES;
			};
			name = Release;
		};
		A434A79B1EC15E1A00C0F784 /* Debug */ = {
			isa = XCBuildConfiguration;
			buildSettings = {
				ASSETCATALOG_COMPILER_APPICON_NAME = AppIcon;
				DEVELOPMENT_TEAM = 8DQR5VT4B3;
				INFOPLIST_FILE = XMToolModule/Info.plist;
				LD_RUNPATH_SEARCH_PATHS = "$(inherited) @executable_path/Frameworks";
				PRODUCT_BUNDLE_IDENTIFIER = shoneme.XMToolModule;
				PRODUCT_NAME = "$(TARGET_NAME)";
			};
			name = Debug;
		};
		A434A79C1EC15E1A00C0F784 /* Release */ = {
			isa = XCBuildConfiguration;
			buildSettings = {
				ASSETCATALOG_COMPILER_APPICON_NAME = AppIcon;
				DEVELOPMENT_TEAM = 8DQR5VT4B3;
				INFOPLIST_FILE = XMToolModule/Info.plist;
				LD_RUNPATH_SEARCH_PATHS = "$(inherited) @executable_path/Frameworks";
				PRODUCT_BUNDLE_IDENTIFIER = shoneme.XMToolModule;
				PRODUCT_NAME = "$(TARGET_NAME)";
			};
			name = Release;
		};
		A434A79E1EC15E1A00C0F784 /* Debug */ = {
			isa = XCBuildConfiguration;
			buildSettings = {
				BUNDLE_LOADER = "$(TEST_HOST)";
				DEVELOPMENT_TEAM = 8DQR5VT4B3;
				INFOPLIST_FILE = XMToolModuleTests/Info.plist;
				LD_RUNPATH_SEARCH_PATHS = "$(inherited) @executable_path/Frameworks @loader_path/Frameworks";
				PRODUCT_BUNDLE_IDENTIFIER = shoneme.XMToolModuleTests;
				PRODUCT_NAME = "$(TARGET_NAME)";
				TEST_HOST = "$(BUILT_PRODUCTS_DIR)/XMToolModule.app/XMToolModule";
			};
			name = Debug;
		};
		A434A79F1EC15E1A00C0F784 /* Release */ = {
			isa = XCBuildConfiguration;
			buildSettings = {
				BUNDLE_LOADER = "$(TEST_HOST)";
				DEVELOPMENT_TEAM = 8DQR5VT4B3;
				INFOPLIST_FILE = XMToolModuleTests/Info.plist;
				LD_RUNPATH_SEARCH_PATHS = "$(inherited) @executable_path/Frameworks @loader_path/Frameworks";
				PRODUCT_BUNDLE_IDENTIFIER = shoneme.XMToolModuleTests;
				PRODUCT_NAME = "$(TARGET_NAME)";
				TEST_HOST = "$(BUILT_PRODUCTS_DIR)/XMToolModule.app/XMToolModule";
			};
			name = Release;
		};
		A434A7A11EC15E1A00C0F784 /* Debug */ = {
			isa = XCBuildConfiguration;
			buildSettings = {
				DEVELOPMENT_TEAM = 8DQR5VT4B3;
				INFOPLIST_FILE = XMToolModuleUITests/Info.plist;
				LD_RUNPATH_SEARCH_PATHS = "$(inherited) @executable_path/Frameworks @loader_path/Frameworks";
				PRODUCT_BUNDLE_IDENTIFIER = shoneme.XMToolModuleUITests;
				PRODUCT_NAME = "$(TARGET_NAME)";
				TEST_TARGET_NAME = XMToolModule;
			};
			name = Debug;
		};
		A434A7A21EC15E1A00C0F784 /* Release */ = {
			isa = XCBuildConfiguration;
			buildSettings = {
				DEVELOPMENT_TEAM = 8DQR5VT4B3;
				INFOPLIST_FILE = XMToolModuleUITests/Info.plist;
				LD_RUNPATH_SEARCH_PATHS = "$(inherited) @executable_path/Frameworks @loader_path/Frameworks";
				PRODUCT_BUNDLE_IDENTIFIER = shoneme.XMToolModuleUITests;
				PRODUCT_NAME = "$(TARGET_NAME)";
				TEST_TARGET_NAME = XMToolModule;
			};
			name = Release;
		};
/* End XCBuildConfiguration section */

/* Begin XCConfigurationList section */
		A434A7681EC15E1900C0F784 /* Build configuration list for PBXProject "XMToolModule" */ = {
			isa = XCConfigurationList;
			buildConfigurations = (
				A434A7981EC15E1A00C0F784 /* Debug */,
				A434A7991EC15E1A00C0F784 /* Release */,
			);
			defaultConfigurationIsVisible = 0;
			defaultConfigurationName = Release;
		};
		A434A79A1EC15E1A00C0F784 /* Build configuration list for PBXNativeTarget "XMToolModule" */ = {
			isa = XCConfigurationList;
			buildConfigurations = (
				A434A79B1EC15E1A00C0F784 /* Debug */,
				A434A79C1EC15E1A00C0F784 /* Release */,
			);
			defaultConfigurationIsVisible = 0;
		};
		A434A79D1EC15E1A00C0F784 /* Build configuration list for PBXNativeTarget "XMToolModuleTests" */ = {
			isa = XCConfigurationList;
			buildConfigurations = (
				A434A79E1EC15E1A00C0F784 /* Debug */,
				A434A79F1EC15E1A00C0F784 /* Release */,
			);
			defaultConfigurationIsVisible = 0;
		};
		A434A7A01EC15E1A00C0F784 /* Build configuration list for PBXNativeTarget "XMToolModuleUITests" */ = {
			isa = XCConfigurationList;
			buildConfigurations = (
				A434A7A11EC15E1A00C0F784 /* Debug */,
				A434A7A21EC15E1A00C0F784 /* Release */,
			);
			defaultConfigurationIsVisible = 0;
		};
/* End XCConfigurationList section */
	};
	rootObject = A434A7651EC15E1900C0F784 /* Project object */;
}
